// !$*UTF8*$!
{
	archiveVersion = 1;
	classes = {
	};
	objectVersion = 56;
	objects = {

/* Begin PBXBuildFile section */
		6774A57A2A2A15DC00B53B35 /* AppDelegate.swift in Sources */ = {isa = PBXBuildFile; fileRef = 6774A5792A2A15DC00B53B35 /* AppDelegate.swift */; };
		6774A57C2A2A15DC00B53B35 /* SceneDelegate.swift in Sources */ = {isa = PBXBuildFile; fileRef = 6774A57B2A2A15DC00B53B35 /* SceneDelegate.swift */; };
		6774A57E2A2A15DC00B53B35 /* ViewController.swift in Sources */ = {isa = PBXBuildFile; fileRef = 6774A57D2A2A15DC00B53B35 /* ViewController.swift */; };
		6774A5832A2A15DD00B53B35 /* Assets.xcassets in Resources */ = {isa = PBXBuildFile; fileRef = 6774A5822A2A15DD00B53B35 /* Assets.xcassets */; };
		6774A5862A2A15DD00B53B35 /* LaunchScreen.storyboard in Resources */ = {isa = PBXBuildFile; fileRef = 6774A5842A2A15DD00B53B35 /* LaunchScreen.storyboard */; };
		6774A5902A2A183800B53B35 /* AppCoordinator.swift in Sources */ = {isa = PBXBuildFile; fileRef = 6774A58F2A2A183800B53B35 /* AppCoordinator.swift */; };
		6774A5922A2A187600B53B35 /* DependancyContainer.swift in Sources */ = {isa = PBXBuildFile; fileRef = 6774A5912A2A187600B53B35 /* DependancyContainer.swift */; };
		6774A5952A2A1A1800B53B35 /* UnsplashService.swift in Sources */ = {isa = PBXBuildFile; fileRef = 6774A5942A2A1A1800B53B35 /* UnsplashService.swift */; };
/* End PBXBuildFile section */

/* Begin PBXFileReference section */
		6774A5762A2A15DC00B53B35 /* Unsplash-Demo.app */ = {isa = PBXFileReference; explicitFileType = wrapper.application; includeInIndex = 0; path = "Unsplash-Demo.app"; sourceTree = BUILT_PRODUCTS_DIR; };
		6774A5792A2A15DC00B53B35 /* AppDelegate.swift */ = {isa = PBXFileReference; lastKnownFileType = sourcecode.swift; path = AppDelegate.swift; sourceTree = "<group>"; };
		6774A57B2A2A15DC00B53B35 /* SceneDelegate.swift */ = {isa = PBXFileReference; lastKnownFileType = sourcecode.swift; path = SceneDelegate.swift; sourceTree = "<group>"; };
		6774A57D2A2A15DC00B53B35 /* ViewController.swift */ = {isa = PBXFileReference; lastKnownFileType = sourcecode.swift; path = ViewController.swift; sourceTree = "<group>"; };
		6774A5822A2A15DD00B53B35 /* Assets.xcassets */ = {isa = PBXFileReference; lastKnownFileType = folder.assetcatalog; path = Assets.xcassets; sourceTree = "<group>"; };
		6774A5852A2A15DD00B53B35 /* Base */ = {isa = PBXFileReference; lastKnownFileType = file.storyboard; name = Base; path = Base.lproj/LaunchScreen.storyboard; sourceTree = "<group>"; };
		6774A5872A2A15DD00B53B35 /* Info.plist */ = {isa = PBXFileReference; lastKnownFileType = text.plist.xml; path = Info.plist; sourceTree = "<group>"; };
		6774A58F2A2A183800B53B35 /* AppCoordinator.swift */ = {isa = PBXFileReference; lastKnownFileType = sourcecode.swift; path = AppCoordinator.swift; sourceTree = "<group>"; };
		6774A5912A2A187600B53B35 /* DependancyContainer.swift */ = {isa = PBXFileReference; lastKnownFileType = sourcecode.swift; path = DependancyContainer.swift; sourceTree = "<group>"; };
		6774A5942A2A1A1800B53B35 /* UnsplashService.swift */ = {isa = PBXFileReference; lastKnownFileType = sourcecode.swift; path = UnsplashService.swift; sourceTree = "<group>"; };
/* End PBXFileReference section */

/* Begin PBXFrameworksBuildPhase section */
		6774A5732A2A15DC00B53B35 /* Frameworks */ = {
			isa = PBXFrameworksBuildPhase;
			buildActionMask = 2147483647;
			files = (
			);
			runOnlyForDeploymentPostprocessing = 0;
		};
/* End PBXFrameworksBuildPhase section */

/* Begin PBXGroup section */
		6774A56D2A2A15DC00B53B35 = {
			isa = PBXGroup;
			children = (
				6774A58D2A2A180C00B53B35 /* Resources */,
				6774A5782A2A15DC00B53B35 /* Sources */,
				6774A5772A2A15DC00B53B35 /* Products */,
			);
			sourceTree = "<group>";
		};
		6774A5772A2A15DC00B53B35 /* Products */ = {
			isa = PBXGroup;
			children = (
				6774A5762A2A15DC00B53B35 /* Unsplash-Demo.app */,
			);
			name = Products;
			sourceTree = "<group>";
		};
		6774A5782A2A15DC00B53B35 /* Sources */ = {
			isa = PBXGroup;
			children = (
				6774A5932A2A188E00B53B35 /* Services */,
				6774A58E2A2A181E00B53B35 /* App */,
				6774A5792A2A15DC00B53B35 /* AppDelegate.swift */,
				6774A57B2A2A15DC00B53B35 /* SceneDelegate.swift */,
				6774A57D2A2A15DC00B53B35 /* ViewController.swift */,
			);
			path = Sources;
			sourceTree = "<group>";
		};
		6774A58D2A2A180C00B53B35 /* Resources */ = {
			isa = PBXGroup;
			children = (
				6774A5822A2A15DD00B53B35 /* Assets.xcassets */,
				6774A5842A2A15DD00B53B35 /* LaunchScreen.storyboard */,
				6774A5872A2A15DD00B53B35 /* Info.plist */,
			);
			path = Resources;
			sourceTree = "<group>";
		};
		6774A58E2A2A181E00B53B35 /* App */ = {
			isa = PBXGroup;
			children = (
				6774A58F2A2A183800B53B35 /* AppCoordinator.swift */,
				6774A5912A2A187600B53B35 /* DependancyContainer.swift */,
			);
			path = App;
			sourceTree = "<group>";
		};
		6774A5932A2A188E00B53B35 /* Services */ = {
			isa = PBXGroup;
			children = (
				6774A5942A2A1A1800B53B35 /* UnsplashService.swift */,
			);
			path = Services;
			sourceTree = "<group>";
		};
/* End PBXGroup section */

/* Begin PBXNativeTarget section */
		6774A5752A2A15DC00B53B35 /* Unsplash-Demo */ = {
			isa = PBXNativeTarget;
			buildConfigurationList = 6774A58A2A2A15DD00B53B35 /* Build configuration list for PBXNativeTarget "Unsplash-Demo" */;
			buildPhases = (
				6774A5722A2A15DC00B53B35 /* Sources */,
				6774A5732A2A15DC00B53B35 /* Frameworks */,
				6774A5742A2A15DC00B53B35 /* Resources */,
			);
			buildRules = (
			);
			dependencies = (
			);
			name = "Unsplash-Demo";
			productName = "Unsplash-Demo";
			productReference = 6774A5762A2A15DC00B53B35 /* Unsplash-Demo.app */;
			productType = "com.apple.product-type.application";
		};
/* End PBXNativeTarget section */

/* Begin PBXProject section */
		6774A56E2A2A15DC00B53B35 /* Project object */ = {
			isa = PBXProject;
			attributes = {
				BuildIndependentTargetsInParallel = 1;
				LastSwiftUpdateCheck = 1410;
				LastUpgradeCheck = 1410;
				TargetAttributes = {
					6774A5752A2A15DC00B53B35 = {
						CreatedOnToolsVersion = 14.1;
					};
				};
			};
			buildConfigurationList = 6774A5712A2A15DC00B53B35 /* Build configuration list for PBXProject "Unsplash-Demo" */;
			compatibilityVersion = "Xcode 14.0";
			developmentRegion = en;
			hasScannedForEncodings = 0;
			knownRegions = (
				en,
				Base,
			);
			mainGroup = 6774A56D2A2A15DC00B53B35;
			productRefGroup = 6774A5772A2A15DC00B53B35 /* Products */;
			projectDirPath = "";
			projectRoot = "";
			targets = (
				6774A5752A2A15DC00B53B35 /* Unsplash-Demo */,
			);
		};
/* End PBXProject section */

/* Begin PBXResourcesBuildPhase section */
		6774A5742A2A15DC00B53B35 /* Resources */ = {
			isa = PBXResourcesBuildPhase;
			buildActionMask = 2147483647;
			files = (
				6774A5862A2A15DD00B53B35 /* LaunchScreen.storyboard in Resources */,
				6774A5832A2A15DD00B53B35 /* Assets.xcassets in Resources */,
			);
			runOnlyForDeploymentPostprocessing = 0;
		};
/* End PBXResourcesBuildPhase section */

/* Begin PBXSourcesBuildPhase section */
		6774A5722A2A15DC00B53B35 /* Sources */ = {
			isa = PBXSourcesBuildPhase;
			buildActionMask = 2147483647;
			files = (
				6774A5922A2A187600B53B35 /* DependancyContainer.swift in Sources */,
				6774A5902A2A183800B53B35 /* AppCoordinator.swift in Sources */,
				6774A57E2A2A15DC00B53B35 /* ViewController.swift in Sources */,
				6774A57A2A2A15DC00B53B35 /* AppDelegate.swift in Sources */,
				6774A57C2A2A15DC00B53B35 /* SceneDelegate.swift in Sources */,
				6774A5952A2A1A1800B53B35 /* UnsplashService.swift in Sources */,
			);
			runOnlyForDeploymentPostprocessing = 0;
		};
/* End PBXSourcesBuildPhase section */

/* Begin PBXVariantGroup section */
		6774A5842A2A15DD00B53B35 /* LaunchScreen.storyboard */ = {
			isa = PBXVariantGroup;
			children = (
				6774A5852A2A15DD00B53B35 /* Base */,
			);
			name = LaunchScreen.storyboard;
			sourceTree = "<group>";
		};
/* End PBXVariantGroup section */

/* Begin XCBuildConfiguration section */
		6774A5882A2A15DD00B53B35 /* Debug */ = {
			isa = XCBuildConfiguration;
			buildSettings = {
				ALWAYS_SEARCH_USER_PATHS = NO;
				CLANG_ANALYZER_NONNULL = YES;
				CLANG_ANALYZER_NUMBER_OBJECT_CONVERSION = YES_AGGRESSIVE;
				CLANG_CXX_LANGUAGE_STANDARD = "gnu++20";
				CLANG_ENABLE_MODULES = YES;
				CLANG_ENABLE_OBJC_ARC = YES;
				CLANG_ENABLE_OBJC_WEAK = YES;
				CLANG_WARN_BLOCK_CAPTURE_AUTORELEASING = YES;
				CLANG_WARN_BOOL_CONVERSION = YES;
				CLANG_WARN_COMMA = YES;
				CLANG_WARN_CONSTANT_CONVERSION = YES;
				CLANG_WARN_DEPRECATED_OBJC_IMPLEMENTATIONS = YES;
				CLANG_WARN_DIRECT_OBJC_ISA_USAGE = YES_ERROR;
				CLANG_WARN_DOCUMENTATION_COMMENTS = YES;
				CLANG_WARN_EMPTY_BODY = YES;
				CLANG_WARN_ENUM_CONVERSION = YES;
				CLANG_WARN_INFINITE_RECURSION = YES;
				CLANG_WARN_INT_CONVERSION = YES;
				CLANG_WARN_NON_LITERAL_NULL_CONVERSION = YES;
				CLANG_WARN_OBJC_IMPLICIT_RETAIN_SELF = YES;
				CLANG_WARN_OBJC_LITERAL_CONVERSION = YES;
				CLANG_WARN_OBJC_ROOT_CLASS = YES_ERROR;
				CLANG_WARN_QUOTED_INCLUDE_IN_FRAMEWORK_HEADER = YES;
				CLANG_WARN_RANGE_LOOP_ANALYSIS = YES;
				CLANG_WARN_STRICT_PROTOTYPES = YES;
				CLANG_WARN_SUSPICIOUS_MOVE = YES;
				CLANG_WARN_UNGUARDED_AVAILABILITY = YES_AGGRESSIVE;
				CLANG_WARN_UNREACHABLE_CODE = YES;
				CLANG_WARN__DUPLICATE_METHOD_MATCH = YES;
				COPY_PHASE_STRIP = NO;
				DEBUG_INFORMATION_FORMAT = dwarf;
				ENABLE_STRICT_OBJC_MSGSEND = YES;
				ENABLE_TESTABILITY = YES;
				GCC_C_LANGUAGE_STANDARD = gnu11;
				GCC_DYNAMIC_NO_PIC = NO;
				GCC_NO_COMMON_BLOCKS = YES;
				GCC_OPTIMIZATION_LEVEL = 0;
				GCC_PREPROCESSOR_DEFINITIONS = (
					"DEBUG=1",
					"$(inherited)",
				);
				GCC_WARN_64_TO_32_BIT_CONVERSION = YES;
				GCC_WARN_ABOUT_RETURN_TYPE = YES_ERROR;
				GCC_WARN_UNDECLARED_SELECTOR = YES;
				GCC_WARN_UNINITIALIZED_AUTOS = YES_AGGRESSIVE;
				GCC_WARN_UNUSED_FUNCTION = YES;
				GCC_WARN_UNUSED_VARIABLE = YES;
				IPHONEOS_DEPLOYMENT_TARGET = 16.1;
				MTL_ENABLE_DEBUG_INFO = INCLUDE_SOURCE;
				MTL_FAST_MATH = YES;
				ONLY_ACTIVE_ARCH = YES;
				SDKROOT = iphoneos;
				SWIFT_ACTIVE_COMPILATION_CONDITIONS = DEBUG;
				SWIFT_OPTIMIZATION_LEVEL = "-Onone";
			};
			name = Debug;
		};
		6774A5892A2A15DD00B53B35 /* Release */ = {
			isa = XCBuildConfiguration;
			buildSettings = {
				ALWAYS_SEARCH_USER_PATHS = NO;
				CLANG_ANALYZER_NONNULL = YES;
				CLANG_ANALYZER_NUMBER_OBJECT_CONVERSION = YES_AGGRESSIVE;
				CLANG_CXX_LANGUAGE_STANDARD = "gnu++20";
				CLANG_ENABLE_MODULES = YES;
				CLANG_ENABLE_OBJC_ARC = YES;
				CLANG_ENABLE_OBJC_WEAK = YES;
				CLANG_WARN_BLOCK_CAPTURE_AUTORELEASING = YES;
				CLANG_WARN_BOOL_CONVERSION = YES;
				CLANG_WARN_COMMA = YES;
				CLANG_WARN_CONSTANT_CONVERSION = YES;
				CLANG_WARN_DEPRECATED_OBJC_IMPLEMENTATIONS = YES;
				CLANG_WARN_DIRECT_OBJC_ISA_USAGE = YES_ERROR;
				CLANG_WARN_DOCUMENTATION_COMMENTS = YES;
				CLANG_WARN_EMPTY_BODY = YES;
				CLANG_WARN_ENUM_CONVERSION = YES;
				CLANG_WARN_INFINITE_RECURSION = YES;
				CLANG_WARN_INT_CONVERSION = YES;
				CLANG_WARN_NON_LITERAL_NULL_CONVERSION = YES;
				CLANG_WARN_OBJC_IMPLICIT_RETAIN_SELF = YES;
				CLANG_WARN_OBJC_LITERAL_CONVERSION = YES;
				CLANG_WARN_OBJC_ROOT_CLASS = YES_ERROR;
				CLANG_WARN_QUOTED_INCLUDE_IN_FRAMEWORK_HEADER = YES;
				CLANG_WARN_RANGE_LOOP_ANALYSIS = YES;
				CLANG_WARN_STRICT_PROTOTYPES = YES;
				CLANG_WARN_SUSPICIOUS_MOVE = YES;
				CLANG_WARN_UNGUARDED_AVAILABILITY = YES_AGGRESSIVE;
				CLANG_WARN_UNREACHABLE_CODE = YES;
				CLANG_WARN__DUPLICATE_METHOD_MATCH = YES;
				COPY_PHASE_STRIP = NO;
				DEBUG_INFORMATION_FORMAT = "dwarf-with-dsym";
				ENABLE_NS_ASSERTIONS = NO;
				ENABLE_STRICT_OBJC_MSGSEND = YES;
				GCC_C_LANGUAGE_STANDARD = gnu11;
				GCC_NO_COMMON_BLOCKS = YES;
				GCC_WARN_64_TO_32_BIT_CONVERSION = YES;
				GCC_WARN_ABOUT_RETURN_TYPE = YES_ERROR;
				GCC_WARN_UNDECLARED_SELECTOR = YES;
				GCC_WARN_UNINITIALIZED_AUTOS = YES_AGGRESSIVE;
				GCC_WARN_UNUSED_FUNCTION = YES;
				GCC_WARN_UNUSED_VARIABLE = YES;
				IPHONEOS_DEPLOYMENT_TARGET = 16.1;
				MTL_ENABLE_DEBUG_INFO = NO;
				MTL_FAST_MATH = YES;
				SDKROOT = iphoneos;
				SWIFT_COMPILATION_MODE = wholemodule;
				SWIFT_OPTIMIZATION_LEVEL = "-O";
				VALIDATE_PRODUCT = YES;
			};
			name = Release;
		};
		6774A58B2A2A15DD00B53B35 /* Debug */ = {
			isa = XCBuildConfiguration;
			buildSettings = {
				ASSETCATALOG_COMPILER_APPICON_NAME = AppIcon;
				ASSETCATALOG_COMPILER_GLOBAL_ACCENT_COLOR_NAME = AccentColor;
				CODE_SIGN_STYLE = Automatic;
				CURRENT_PROJECT_VERSION = 1;
				DEVELOPMENT_TEAM = YJB24HLAND;
				GENERATE_INFOPLIST_FILE = YES;
				INFOPLIST_FILE = Resources/Info.plist;
				INFOPLIST_KEY_UIApplicationSupportsIndirectInputEvents = YES;
				INFOPLIST_KEY_UILaunchStoryboardName = LaunchScreen;
				INFOPLIST_KEY_UISupportedInterfaceOrientations_iPad = "UIInterfaceOrientationPortrait UIInterfaceOrientationPortraitUpsideDown UIInterfaceOrientationLandscapeLeft UIInterfaceOrientationLandscapeRight";
				INFOPLIST_KEY_UISupportedInterfaceOrientations_iPhone = "UIInterfaceOrientationPortrait UIInterfaceOrientationLandscapeLeft UIInterfaceOrientationLandscapeRight";
				LD_RUNPATH_SEARCH_PATHS = (
					"$(inherited)",
					"@executable_path/Frameworks",
				);
				MARKETING_VERSION = 1.0;
				PRODUCT_BUNDLE_IDENTIFIER = "com.yakupovbulat.Unsplash-Demo";
				PRODUCT_NAME = "$(TARGET_NAME)";
				SWIFT_EMIT_LOC_STRINGS = YES;
				SWIFT_VERSION = 5.0;
				TARGETED_DEVICE_FAMILY = "1,2";
			};
			name = Debug;
		};
		6774A58C2A2A15DD00B53B35 /* Release */ = {
			isa = XCBuildConfiguration;
			buildSettings = {
				ASSETCATALOG_COMPILER_APPICON_NAME = AppIcon;
				ASSETCATALOG_COMPILER_GLOBAL_ACCENT_COLOR_NAME = AccentColor;
				CODE_SIGN_STYLE = Automatic;
				CURRENT_PROJECT_VERSION = 1;
				DEVELOPMENT_TEAM = YJB24HLAND;
				GENERATE_INFOPLIST_FILE = YES;
				INFOPLIST_FILE = Resources/Info.plist;
				INFOPLIST_KEY_UIApplicationSupportsIndirectInputEvents = YES;
				INFOPLIST_KEY_UILaunchStoryboardName = LaunchScreen;
				INFOPLIST_KEY_UISupportedInterfaceOrientations_iPad = "UIInterfaceOrientationPortrait UIInterfaceOrientationPortraitUpsideDown UIInterfaceOrientationLandscapeLeft UIInterfaceOrientationLandscapeRight";
				INFOPLIST_KEY_UISupportedInterfaceOrientations_iPhone = "UIInterfaceOrientationPortrait UIInterfaceOrientationLandscapeLeft UIInterfaceOrientationLandscapeRight";
				LD_RUNPATH_SEARCH_PATHS = (
					"$(inherited)",
					"@executable_path/Frameworks",
				);
				MARKETING_VERSION = 1.0;
				PRODUCT_BUNDLE_IDENTIFIER = "com.yakupovbulat.Unsplash-Demo";
				PRODUCT_NAME = "$(TARGET_NAME)";
				SWIFT_EMIT_LOC_STRINGS = YES;
				SWIFT_VERSION = 5.0;
				TARGETED_DEVICE_FAMILY = "1,2";
			};
			name = Release;
		};
/* End XCBuildConfiguration section */

/* Begin XCConfigurationList section */
		6774A5712A2A15DC00B53B35 /* Build configuration list for PBXProject "Unsplash-Demo" */ = {
			isa = XCConfigurationList;
			buildConfigurations = (
				6774A5882A2A15DD00B53B35 /* Debug */,
				6774A5892A2A15DD00B53B35 /* Release */,
			);
			defaultConfigurationIsVisible = 0;
			defaultConfigurationName = Release;
		};
		6774A58A2A2A15DD00B53B35 /* Build configuration list for PBXNativeTarget "Unsplash-Demo" */ = {
			isa = XCConfigurationList;
			buildConfigurations = (
				6774A58B2A2A15DD00B53B35 /* Debug */,
				6774A58C2A2A15DD00B53B35 /* Release */,
			);
			defaultConfigurationIsVisible = 0;
			defaultConfigurationName = Release;
		};
/* End XCConfigurationList section */
	};
	rootObject = 6774A56E2A2A15DC00B53B35 /* Project object */;
}
